
Microsoft Visual Studio Solution File, Format Version 12.00
# Visual Studio Version 17
VisualStudioVersion = 17.8.34525.116
MinimumVisualStudioVersion = 10.0.40219.1
Project("{8BC9CEB8-8B4A-11D0-8D11-00A0C91BC942}") = "cetvrtiZadatakSaStruktura", "cetvrtiZadatakSaStruktura\cetvrtiZadatakSaStruktura.vcxproj", "{6CDB0FE2-551B-4FC4-A11F-EEE6B0FDC54D}"
EndProject
Global
	GlobalSection(SolutionConfigurationPlatforms) = preSolution
		Debug|x64 = Debug|x64
		Debug|x86 = Debug|x86
		Release|x64 = Release|x64
		Release|x86 = Release|x86
	EndGlobalSection
	GlobalSection(ProjectConfigurationPlatforms) = postSolution
		{6CDB0FE2-551B-4FC4-A11F-EEE6B0FDC54D}.Debug|x64.ActiveCfg = Debug|x64
		{6CDB0FE2-551B-4FC4-A11F-EEE6B0FDC54D}.Debug|x64.Build.0 = Debug|x64
		{6CDB0FE2-551B-4FC4-A11F-EEE6B0FDC54D}.Debug|x86.ActiveCfg = Debug|Win32
		{6CDB0FE2-551B-4FC4-A11F-EEE6B0FDC54D}.Debug|x86.Build.0 = Debug|Win32
		{6CDB0FE2-551B-4FC4-A11F-EEE6B0FDC54D}.Release|x64.ActiveCfg = Release|x64
		{6CDB0FE2-551B-4FC4-A11F-EEE6B0FDC54D}.Release|x64.Build.0 = Release|x64
		{6CDB0FE2-551B-4FC4-A11F-EEE6B0FDC54D}.Release|x86.ActiveCfg = Release|Win32
		{6CDB0FE2-551B-4FC4-A11F-EEE6B0FDC54D}.Release|x86.Build.0 = Release|Win32
	EndGlobalSection
	GlobalSection(SolutionProperties) = preSolution
		HideSolutionNode = FALSE
	EndGlobalSection
	GlobalSection(ExtensibilityGlobals) = postSolution
		SolutionGuid = {974393E1-8798-41A5-863B-32D1995FAA7B}
	EndGlobalSection
EndGlobal
